// !$*UTF8*$!
{
	archiveVersion = 1;
	classes = {
	};
	objectVersion = 46;
	objects = {

/* Begin PBXBuildFile section */
		28B923041EA62F7900CC0320 /* AppDelegate.swift in Sources */ = {isa = PBXBuildFile; fileRef = 28B923031EA62F7900CC0320 /* AppDelegate.swift */; };
		28B923061EA62F7900CC0320 /* ViewController.swift in Sources */ = {isa = PBXBuildFile; fileRef = 28B923051EA62F7900CC0320 /* ViewController.swift */; };
		28B923091EA62F7900CC0320 /* Main.storyboard in Resources */ = {isa = PBXBuildFile; fileRef = 28B923071EA62F7900CC0320 /* Main.storyboard */; };
		28B9230B1EA62F7900CC0320 /* Assets.xcassets in Resources */ = {isa = PBXBuildFile; fileRef = 28B9230A1EA62F7900CC0320 /* Assets.xcassets */; };
		28B9230E1EA62F7900CC0320 /* LaunchScreen.storyboard in Resources */ = {isa = PBXBuildFile; fileRef = 28B9230C1EA62F7900CC0320 /* LaunchScreen.storyboard */; };
		28E8FC9D1EA8A60A0062D46C /* MovieCell.swift in Sources */ = {isa = PBXBuildFile; fileRef = 28E8FC9C1EA8A60A0062D46C /* MovieCell.swift */; };
/* End PBXBuildFile section */

/* Begin PBXFileReference section */
		28B923001EA62F7900CC0320 /* watch-list-pset03.app */ = {isa = PBXFileReference; explicitFileType = wrapper.application; includeInIndex = 0; path = "watch-list-pset03.app"; sourceTree = BUILT_PRODUCTS_DIR; };
		28B923031EA62F7900CC0320 /* AppDelegate.swift */ = {isa = PBXFileReference; lastKnownFileType = sourcecode.swift; path = AppDelegate.swift; sourceTree = "<group>"; };
		28B923051EA62F7900CC0320 /* ViewController.swift */ = {isa = PBXFileReference; lastKnownFileType = sourcecode.swift; path = ViewController.swift; sourceTree = "<group>"; };
		28B923081EA62F7900CC0320 /* Base */ = {isa = PBXFileReference; lastKnownFileType = file.storyboard; name = Base; path = Base.lproj/Main.storyboard; sourceTree = "<group>"; };
		28B9230A1EA62F7900CC0320 /* Assets.xcassets */ = {isa = PBXFileReference; lastKnownFileType = folder.assetcatalog; path = Assets.xcassets; sourceTree = "<group>"; };
		28B9230D1EA62F7900CC0320 /* Base */ = {isa = PBXFileReference; lastKnownFileType = file.storyboard; name = Base; path = Base.lproj/LaunchScreen.storyboard; sourceTree = "<group>"; };
		28B9230F1EA62F7A00CC0320 /* Info.plist */ = {isa = PBXFileReference; lastKnownFileType = text.plist.xml; path = Info.plist; sourceTree = "<group>"; };
		28E8FC9C1EA8A60A0062D46C /* MovieCell.swift */ = {isa = PBXFileReference; fileEncoding = 4; lastKnownFileType = sourcecode.swift; path = MovieCell.swift; sourceTree = "<group>"; };
/* End PBXFileReference section */

/* Begin PBXFrameworksBuildPhase section */
		28B922FD1EA62F7900CC0320 /* Frameworks */ = {
			isa = PBXFrameworksBuildPhase;
			buildActionMask = 2147483647;
			files = (
			);
			runOnlyForDeploymentPostprocessing = 0;
		};
/* End PBXFrameworksBuildPhase section */

/* Begin PBXGroup section */
		28B922F71EA62F7900CC0320 = {
			isa = PBXGroup;
			children = (
				28B923021EA62F7900CC0320 /* watch-list-pset03 */,
				28B923011EA62F7900CC0320 /* Products */,
			);
			sourceTree = "<group>";
		};
		28B923011EA62F7900CC0320 /* Products */ = {
			isa = PBXGroup;
			children = (
				28B923001EA62F7900CC0320 /* watch-list-pset03.app */,
			);
			name = Products;
			sourceTree = "<group>";
		};
		28B923021EA62F7900CC0320 /* watch-list-pset03 */ = {
			isa = PBXGroup;
			children = (
				28B923031EA62F7900CC0320 /* AppDelegate.swift */,
				28B923051EA62F7900CC0320 /* ViewController.swift */,
				28E8FC9C1EA8A60A0062D46C /* MovieCell.swift */,
				28B923071EA62F7900CC0320 /* Main.storyboard */,
				28B9230C1EA62F7900CC0320 /* LaunchScreen.storyboard */,
				28B9230A1EA62F7900CC0320 /* Assets.xcassets */,
				28B9230F1EA62F7A00CC0320 /* Info.plist */,
			);
			path = "watch-list-pset03";
			sourceTree = "<group>";
		};
/* End PBXGroup section */

/* Begin PBXNativeTarget section */
		28B922FF1EA62F7900CC0320 /* watch-list-pset03 */ = {
			isa = PBXNativeTarget;
			buildConfigurationList = 28B923121EA62F7A00CC0320 /* Build configuration list for PBXNativeTarget "watch-list-pset03" */;
			buildPhases = (
				28B922FC1EA62F7900CC0320 /* Sources */,
				28B922FD1EA62F7900CC0320 /* Frameworks */,
				28B922FE1EA62F7900CC0320 /* Resources */,
			);
			buildRules = (
			);
			dependencies = (
			);
			name = "watch-list-pset03";
			productName = "watch-list-pset03";
			productReference = 28B923001EA62F7900CC0320 /* watch-list-pset03.app */;
			productType = "com.apple.product-type.application";
		};
/* End PBXNativeTarget section */

/* Begin PBXProject section */
		28B922F81EA62F7900CC0320 /* Project object */ = {
			isa = PBXProject;
			attributes = {
				LastSwiftUpdateCheck = 0830;
				LastUpgradeCheck = 0830;
				ORGANIZATIONNAME = "M.a.j©";
				TargetAttributes = {
					28B922FF1EA62F7900CC0320 = {
						CreatedOnToolsVersion = 8.3.1;
						DevelopmentTeam = 5QYLX323BC;
						ProvisioningStyle = Automatic;
					};
				};
			};
			buildConfigurationList = 28B922FB1EA62F7900CC0320 /* Build configuration list for PBXProject "watch-list-pset03" */;
			compatibilityVersion = "Xcode 3.2";
			developmentRegion = English;
			hasScannedForEncodings = 0;
			knownRegions = (
				en,
				Base,
			);
			mainGroup = 28B922F71EA62F7900CC0320;
			productRefGroup = 28B923011EA62F7900CC0320 /* Products */;
			projectDirPath = "";
			projectRoot = "";
			targets = (
				28B922FF1EA62F7900CC0320 /* watch-list-pset03 */,
			);
		};
/* End PBXProject section */

/* Begin PBXResourcesBuildPhase section */
		28B922FE1EA62F7900CC0320 /* Resources */ = {
			isa = PBXResourcesBuildPhase;
			buildActionMask = 2147483647;
			files = (
				28B9230E1EA62F7900CC0320 /* LaunchScreen.storyboard in Resources */,
				28B9230B1EA62F7900CC0320 /* Assets.xcassets in Resources */,
				28B923091EA62F7900CC0320 /* Main.storyboard in Resources */,
			);
			runOnlyForDeploymentPostprocessing = 0;
		};
/* End PBXResourcesBuildPhase section */

/* Begin PBXSourcesBuildPhase section */
		28B922FC1EA62F7900CC0320 /* Sources */ = {
			isa = PBXSourcesBuildPhase;
			buildActionMask = 2147483647;
			files = (
				28B923061EA62F7900CC0320 /* ViewController.swift in Sources */,
				28B923041EA62F7900CC0320 /* AppDelegate.swift in Sources */,
				28E8FC9D1EA8A60A0062D46C /* MovieCell.swift in Sources */,
			);
			runOnlyForDeploymentPostprocessing = 0;
		};
/* End PBXSourcesBuildPhase section */

/* Begin PBXVariantGroup section */
		28B923071EA62F7900CC0320 /* Main.storyboard */ = {
			isa = PBXVariantGroup;
			children = (
				28B923081EA62F7900CC0320 /* Base */,
			);
			name = Main.storyboard;
			sourceTree = "<group>";
		};
		28B9230C1EA62F7900CC0320 /* LaunchScreen.storyboard */ = {
			isa = PBXVariantGroup;
			children = (
				28B9230D1EA62F7900CC0320 /* Base */,
			);
			name = LaunchScreen.storyboard;
			sourceTree = "<group>";
		};
/* End PBXVariantGroup section */

/* Begin XCBuildConfiguration section */
		28B923101EA62F7A00CC0320 /* Debug */ = {
			isa = XCBuildConfiguration;
			buildSettings = {
				ALWAYS_SEARCH_USER_PATHS = NO;
				CLANG_ANALYZER_NONNULL = YES;
				CLANG_ANALYZER_NUMBER_OBJECT_CONVERSION = YES_AGGRESSIVE;
				CLANG_CXX_LANGUAGE_STANDARD = "gnu++0x";
				CLANG_CXX_LIBRARY = "libc++";
				CLANG_ENABLE_MODULES = YES;
				CLANG_ENABLE_OBJC_ARC = YES;
				CLANG_WARN_BOOL_CONVERSION = YES;
				CLANG_WARN_CONSTANT_CONVERSION = YES;
				CLANG_WARN_DIRECT_OBJC_ISA_USAGE = YES_ERROR;
				CLANG_WARN_DOCUMENTATION_COMMENTS = YES;
				CLANG_WARN_EMPTY_BODY = YES;
				CLANG_WARN_ENUM_CONVERSION = YES;
				CLANG_WARN_INFINITE_RECURSION = YES;
				CLANG_WARN_INT_CONVERSION = YES;
				CLANG_WARN_OBJC_ROOT_CLASS = YES_ERROR;
				CLANG_WARN_SUSPICIOUS_MOVE = YES;
				CLANG_WARN_UNREACHABLE_CODE = YES;
				CLANG_WARN__DUPLICATE_METHOD_MATCH = YES;
				"CODE_SIGN_IDENTITY[sdk=iphoneos*]" = "iPhone Developer";
				COPY_PHASE_STRIP = NO;
				DEBUG_INFORMATION_FORMAT = dwarf;
				ENABLE_STRICT_OBJC_MSGSEND = YES;
				ENABLE_TESTABILITY = YES;
				GCC_C_LANGUAGE_STANDARD = gnu99;
				GCC_DYNAMIC_NO_PIC = NO;
				GCC_NO_COMMON_BLOCKS = YES;
				GCC_OPTIMIZATION_LEVEL = 0;
				GCC_PREPROCESSOR_DEFINITIONS = (
					"DEBUG=1",
					"$(inherited)",
				);
				GCC_WARN_64_TO_32_BIT_CONVERSION = YES;
				GCC_WARN_ABOUT_RETURN_TYPE = YES_ERROR;
				GCC_WARN_UNDECLARED_SELECTOR = YES;
				GCC_WARN_UNINITIALIZED_AUTOS = YES_AGGRESSIVE;
				GCC_WARN_UNUSED_FUNCTION = YES;
				GCC_WARN_UNUSED_VARIABLE = YES;
				IPHONEOS_DEPLOYMENT_TARGET = 10.3;
				MTL_ENABLE_DEBUG_INFO = YES;
				ONLY_ACTIVE_ARCH = YES;
				SDKROOT = iphoneos;
				SWIFT_ACTIVE_COMPILATION_CONDITIONS = DEBUG;
				SWIFT_OPTIMIZATION_LEVEL = "-Onone";
				TARGETED_DEVICE_FAMILY = "1,2";
			};
			name = Debug;
		};
		28B923111EA62F7A00CC0320 /* Release */ = {
			isa = XCBuildConfiguration;
			buildSettings = {
				ALWAYS_SEARCH_USER_PATHS = NO;
				CLANG_ANALYZER_NONNULL = YES;
				CLANG_ANALYZER_NUMBER_OBJECT_CONVERSION = YES_AGGRESSIVE;
				CLANG_CXX_LANGUAGE_STANDARD = "gnu++0x";
				CLANG_CXX_LIBRARY = "libc++";
				CLANG_ENABLE_MODULES = YES;
				CLANG_ENABLE_OBJC_ARC = YES;
				CLANG_WARN_BOOL_CONVERSION = YES;
				CLANG_WARN_CONSTANT_CONVERSION = YES;
				CLANG_WARN_DIRECT_OBJC_ISA_USAGE = YES_ERROR;
				CLANG_WARN_DOCUMENTATION_COMMENTS = YES;
				CLANG_WARN_EMPTY_BODY = YES;
				CLANG_WARN_ENUM_CONVERSION = YES;
				CLANG_WARN_INFINITE_RECURSION = YES;
				CLANG_WARN_INT_CONVERSION = YES;
				CLANG_WARN_OBJC_ROOT_CLASS = YES_ERROR;
				CLANG_WARN_SUSPICIOUS_MOVE = YES;
				CLANG_WARN_UNREACHABLE_CODE = YES;
				CLANG_WARN__DUPLICATE_METHOD_MATCH = YES;
				"CODE_SIGN_IDENTITY[sdk=iphoneos*]" = "iPhone Developer";
				COPY_PHASE_STRIP = NO;
				DEBUG_INFORMATION_FORMAT = "dwarf-with-dsym";
				ENABLE_NS_ASSERTIONS = NO;
				ENABLE_STRICT_OBJC_MSGSEND = YES;
				GCC_C_LANGUAGE_STANDARD = gnu99;
				GCC_NO_COMMON_BLOCKS = YES;
				GCC_WARN_64_TO_32_BIT_CONVERSION = YES;
				GCC_WARN_ABOUT_RETURN_TYPE = YES_ERROR;
				GCC_WARN_UNDECLARED_SELECTOR = YES;
				GCC_WARN_UNINITIALIZED_AUTOS = YES_AGGRESSIVE;
				GCC_WARN_UNUSED_FUNCTION = YES;
				GCC_WARN_UNUSED_VARIABLE = YES;
				IPHONEOS_DEPLOYMENT_TARGET = 10.3;
				MTL_ENABLE_DEBUG_INFO = NO;
				SDKROOT = iphoneos;
				SWIFT_OPTIMIZATION_LEVEL = "-Owholemodule";
				TARGETED_DEVICE_FAMILY = "1,2";
				VALIDATE_PRODUCT = YES;
			};
			name = Release;
		};
		28B923131EA62F7A00CC0320 /* Debug */ = {
			isa = XCBuildConfiguration;
			buildSettings = {
				ASSETCATALOG_COMPILER_APPICON_NAME = AppIcon;
				DEVELOPMENT_TEAM = 5QYLX323BC;
				INFOPLIST_FILE = "watch-list-pset03/Info.plist";
				LD_RUNPATH_SEARCH_PATHS = "$(inherited) @executable_path/Frameworks";
				PRODUCT_BUNDLE_IDENTIFIER = "nl.mprog.watch-list-pset03";
				PRODUCT_NAME = "$(TARGET_NAME)";
				SWIFT_VERSION = 3.0;
			};
			name = Debug;
		};
		28B923141EA62F7A00CC0320 /* Release */ = {
			isa = XCBuildConfiguration;
			buildSettings = {
				ASSETCATALOG_COMPILER_APPICON_NAME = AppIcon;
				DEVELOPMENT_TEAM = 5QYLX323BC;
				INFOPLIST_FILE = "watch-list-pset03/Info.plist";
				LD_RUNPATH_SEARCH_PATHS = "$(inherited) @executable_path/Frameworks";
				PRODUCT_BUNDLE_IDENTIFIER = "nl.mprog.watch-list-pset03";
				PRODUCT_NAME = "$(TARGET_NAME)";
				SWIFT_VERSION = 3.0;
			};
			name = Release;
		};
/* End XCBuildConfiguration section */

/* Begin XCConfigurationList section */
		28B922FB1EA62F7900CC0320 /* Build configuration list for PBXProject "watch-list-pset03" */ = {
			isa = XCConfigurationList;
			buildConfigurations = (
				28B923101EA62F7A00CC0320 /* Debug */,
				28B923111EA62F7A00CC0320 /* Release */,
			);
			defaultConfigurationIsVisible = 0;
			defaultConfigurationName = Release;
		};
		28B923121EA62F7A00CC0320 /* Build configuration list for PBXNativeTarget "watch-list-pset03" */ = {
			isa = XCConfigurationList;
			buildConfigurations = (
				28B923131EA62F7A00CC0320 /* Debug */,
				28B923141EA62F7A00CC0320 /* Release */,
			);
			defaultConfigurationIsVisible = 0;
			defaultConfigurationName = Release;
		};
/* End XCConfigurationList section */
	};
	rootObject = 28B922F81EA62F7900CC0320 /* Project object */;
}
